
Microsoft Visual Studio Solution File, Format Version 12.00
# Visual Studio Version 16
VisualStudioVersion = 16.0.29613.14
MinimumVisualStudioVersion = 10.0.40219.1
Project("{FAE04EC0-301F-11D3-BF4B-00C04F79EFBC}") = "YearFacts", "YearFacts\YearFacts.csproj", "{5A567E48-A4C1-45CC-A29F-7F0422122A9D}"
EndProject
Project("{FAE04EC0-301F-11D3-BF4B-00C04F79EFBC}") = "YearIterator", "YearIterator\YearIterator.csproj", "{1DF71C85-6FA4-4848-8584-2594309E6A09}"
EndProject
Project("{FAE04EC0-301F-11D3-BF4B-00C04F79EFBC}") = "EpidemicDesign", "EpidemicDesign\EpidemicDesign.csproj", "{DAA641C5-0D39-43BE-9908-F4FE32588F79}"
EndProject
Global
	GlobalSection(SolutionConfigurationPlatforms) = preSolution
		Debug|Any CPU = Debug|Any CPU
		Release|Any CPU = Release|Any CPU
	EndGlobalSection
	GlobalSection(ProjectConfigurationPlatforms) = postSolution
		{5A567E48-A4C1-45CC-A29F-7F0422122A9D}.Debug|Any CPU.ActiveCfg = Debug|Any CPU
		{5A567E48-A4C1-45CC-A29F-7F0422122A9D}.Debug|Any CPU.Build.0 = Debug|Any CPU
		{5A567E48-A4C1-45CC-A29F-7F0422122A9D}.Release|Any CPU.ActiveCfg = Release|Any CPU
		{5A567E48-A4C1-45CC-A29F-7F0422122A9D}.Release|Any CPU.Build.0 = Release|Any CPU
		{1DF71C85-6FA4-4848-8584-2594309E6A09}.Debug|Any CPU.ActiveCfg = Debug|Any CPU
		{1DF71C85-6FA4-4848-8584-2594309E6A09}.Debug|Any CPU.Build.0 = Debug|Any CPU
		{1DF71C85-6FA4-4848-8584-2594309E6A09}.Release|Any CPU.ActiveCfg = Release|Any CPU
		{1DF71C85-6FA4-4848-8584-2594309E6A09}.Release|Any CPU.Build.0 = Release|Any CPU
		{DAA641C5-0D39-43BE-9908-F4FE32588F79}.Debug|Any CPU.ActiveCfg = Debug|Any CPU
		{DAA641C5-0D39-43BE-9908-F4FE32588F79}.Debug|Any CPU.Build.0 = Debug|Any CPU
		{DAA641C5-0D39-43BE-9908-F4FE32588F79}.Release|Any CPU.ActiveCfg = Release|Any CPU
		{DAA641C5-0D39-43BE-9908-F4FE32588F79}.Release|Any CPU.Build.0 = Release|Any CPU
	EndGlobalSection
	GlobalSection(SolutionProperties) = preSolution
		HideSolutionNode = FALSE
	EndGlobalSection
	GlobalSection(ExtensibilityGlobals) = postSolution
		SolutionGuid = {59040FB0-37BF-43CB-AC3E-B237F6F616F5}
	EndGlobalSection
EndGlobal
